
Microsoft Visual Studio Solution File, Format Version 12.00
# Visual Studio Version 16
VisualStudioVersion = 16.0.32106.194
MinimumVisualStudioVersion = 10.0.40219.1
Project("{FAE04EC0-301F-11D3-BF4B-00C04F79EFBC}") = "Rectangle Measurement Program", "Rectangle Measurement Program.csproj", "{95CB829F-C0AC-4286-94E3-40E0BB9BD002}"
EndProject
Global
	GlobalSection(SolutionConfigurationPlatforms) = preSolution
		Debug|Any CPU = Debug|Any CPU
		Release|Any CPU = Release|Any CPU
	EndGlobalSection
	GlobalSection(ProjectConfigurationPlatforms) = postSolution
		{95CB829F-C0AC-4286-94E3-40E0BB9BD002}.Debug|Any CPU.ActiveCfg = Debug|Any CPU
		{95CB829F-C0AC-4286-94E3-40E0BB9BD002}.Debug|Any CPU.Build.0 = Debug|Any CPU
		{95CB829F-C0AC-4286-94E3-40E0BB9BD002}.Release|Any CPU.ActiveCfg = Release|Any CPU
		{95CB829F-C0AC-4286-94E3-40E0BB9BD002}.Release|Any CPU.Build.0 = Release|Any CPU
	EndGlobalSection
	GlobalSection(SolutionProperties) = preSolution
		HideSolutionNode = FALSE
	EndGlobalSection
	GlobalSection(ExtensibilityGlobals) = postSolution
		SolutionGuid = {D91887CF-48B7-4417-B9D7-536D15F60F8C}
	EndGlobalSection
EndGlobal
